
Microsoft Visual Studio Solution File, Format Version 12.00
Project("{FAE04EC0-301F-11D3-BF4B-00C04F79EFBC}") = "Auction", "Auction\Auction.csproj", "{2FAA52E0-D4E8-46F2-8975-806C931B4C47}"
EndProject
Project("{FAE04EC0-301F-11D3-BF4B-00C04F79EFBC}") = "Auction.Tests", "Auction.Tests\Auction.Tests.csproj", "{2E63C2E1-CACE-45E8-BE47-263EDFC4B014}"
EndProject
Global
	GlobalSection(SolutionConfigurationPlatforms) = preSolution
		Debug|Any CPU = Debug|Any CPU
		Release|Any CPU = Release|Any CPU
	EndGlobalSection
	GlobalSection(ProjectConfigurationPlatforms) = postSolution
		{2FAA52E0-D4E8-46F2-8975-806C931B4C47}.Debug|Any CPU.ActiveCfg = Debug|Any CPU
		{2FAA52E0-D4E8-46F2-8975-806C931B4C47}.Debug|Any CPU.Build.0 = Debug|Any CPU
		{2FAA52E0-D4E8-46F2-8975-806C931B4C47}.Release|Any CPU.ActiveCfg = Release|Any CPU
		{2FAA52E0-D4E8-46F2-8975-806C931B4C47}.Release|Any CPU.Build.0 = Release|Any CPU
		{2E63C2E1-CACE-45E8-BE47-263EDFC4B014}.Debug|Any CPU.ActiveCfg = Debug|Any CPU
		{2E63C2E1-CACE-45E8-BE47-263EDFC4B014}.Debug|Any CPU.Build.0 = Debug|Any CPU
		{2E63C2E1-CACE-45E8-BE47-263EDFC4B014}.Release|Any CPU.ActiveCfg = Release|Any CPU
		{2E63C2E1-CACE-45E8-BE47-263EDFC4B014}.Release|Any CPU.Build.0 = Release|Any CPU
	EndGlobalSection
EndGlobal
